
Microsoft Visual Studio Solution File, Format Version 12.00
# Visual Studio Version 17
VisualStudioVersion = 17.11.35327.3
MinimumVisualStudioVersion = 10.0.40219.1
Project("{2150E333-8FDC-42A3-9474-1A3956D46DE8}") = "Services", "Services", "{6BAC4826-3CC9-4B65-B4B5-8C7419F79159}"
EndProject
Project("{2150E333-8FDC-42A3-9474-1A3956D46DE8}") = "Catalog", "Catalog", "{45736910-965F-4595-A755-772EFAC20D29}"
EndProject
Project("{9A19103F-16F7-4668-BE54-9A1E7A4F7556}") = "Catalog.Api", "Services\Catalog\Catalog.Api\Catalog.Api.csproj", "{4F26AA4C-EFE4-4FCA-8D91-FEED58AD38BD}"
EndProject
Project("{2150E333-8FDC-42A3-9474-1A3956D46DE8}") = "BuildingBlocks", "BuildingBlocks", "{2C08FC83-5031-4856-8C9D-C5FDC8F821B6}"
EndProject
Project("{9A19103F-16F7-4668-BE54-9A1E7A4F7556}") = "BuildingBlocks", "BuildingBlocks\BuildingBlocks\BuildingBlocks.csproj", "{B12B7F3F-0B76-440F-8F23-1B11B4CDC8A8}"
EndProject
Project("{2150E333-8FDC-42A3-9474-1A3956D46DE8}") = "Basket", "Basket", "{7ACDECFE-0010-4028-A3F6-EA10896758A3}"
EndProject
Project("{FAE04EC0-301F-11D3-BF4B-00C04F79EFBC}") = "Basket.Api", "Services\Basket\Basket.Api\Basket.Api.csproj", "{28315E78-BBB8-4F8A-9B33-A70ABE85DE2E}"
EndProject
Project("{E53339B2-1760-4266-BCC7-CA923CBCF16C}") = "docker-compose", "docker-compose.dcproj", "{5E73C5C1-80FE-4585-8997-6DFD07792B8E}"
EndProject
Project("{2150E333-8FDC-42A3-9474-1A3956D46DE8}") = "Discount", "Discount", "{407F7F0A-A609-4D24-B20F-BE87E309CC7C}"
EndProject
Project("{FAE04EC0-301F-11D3-BF4B-00C04F79EFBC}") = "Discount.Grpc", "Services\Discount\Discount.Grpc\Discount.Grpc.csproj", "{6E8E5547-A73F-4F28-BD25-5FD71B592E47}"
EndProject
Project("{2150E333-8FDC-42A3-9474-1A3956D46DE8}") = "Ordering", "Ordering", "{94D7D4C8-B219-462B-85B0-811759761CBA}"
EndProject
Project("{FAE04EC0-301F-11D3-BF4B-00C04F79EFBC}") = "Ordering.API", "Services\Ordering\Ordering.API\Ordering.API.csproj", "{9A924071-C51C-4772-BD0F-01D160C1B62C}"
EndProject
Project("{FAE04EC0-301F-11D3-BF4B-00C04F79EFBC}") = "Ordering.Domain", "Services\Ordering\Ordering.Domain\Ordering.Domain.csproj", "{35C29A30-5600-45EE-A83F-C8C7E7011D77}"
EndProject
Project("{FAE04EC0-301F-11D3-BF4B-00C04F79EFBC}") = "Ordering.Application", "Services\Ordering\Ordering.Application\Ordering.Application.csproj", "{FECAB636-207B-408B-9157-C8BC36FD2B12}"
EndProject
Project("{FAE04EC0-301F-11D3-BF4B-00C04F79EFBC}") = "Ordering.Infrastructure", "Services\Ordering\Ordering.Infrastructure\Ordering.Infrastructure.csproj", "{0E4909F9-A387-4211-9CC0-82E4E74D6493}"
EndProject
Global
	GlobalSection(SolutionConfigurationPlatforms) = preSolution
		Debug|Any CPU = Debug|Any CPU
		Release|Any CPU = Release|Any CPU
	EndGlobalSection
	GlobalSection(ProjectConfigurationPlatforms) = postSolution
		{4F26AA4C-EFE4-4FCA-8D91-FEED58AD38BD}.Debug|Any CPU.ActiveCfg = Debug|Any CPU
		{4F26AA4C-EFE4-4FCA-8D91-FEED58AD38BD}.Debug|Any CPU.Build.0 = Debug|Any CPU
		{4F26AA4C-EFE4-4FCA-8D91-FEED58AD38BD}.Release|Any CPU.ActiveCfg = Release|Any CPU
		{4F26AA4C-EFE4-4FCA-8D91-FEED58AD38BD}.Release|Any CPU.Build.0 = Release|Any CPU
		{B12B7F3F-0B76-440F-8F23-1B11B4CDC8A8}.Debug|Any CPU.ActiveCfg = Debug|Any CPU
		{B12B7F3F-0B76-440F-8F23-1B11B4CDC8A8}.Debug|Any CPU.Build.0 = Debug|Any CPU
		{B12B7F3F-0B76-440F-8F23-1B11B4CDC8A8}.Release|Any CPU.ActiveCfg = Release|Any CPU
		{B12B7F3F-0B76-440F-8F23-1B11B4CDC8A8}.Release|Any CPU.Build.0 = Release|Any CPU
		{28315E78-BBB8-4F8A-9B33-A70ABE85DE2E}.Debug|Any CPU.ActiveCfg = Debug|Any CPU
		{28315E78-BBB8-4F8A-9B33-A70ABE85DE2E}.Debug|Any CPU.Build.0 = Debug|Any CPU
		{28315E78-BBB8-4F8A-9B33-A70ABE85DE2E}.Release|Any CPU.ActiveCfg = Release|Any CPU
		{28315E78-BBB8-4F8A-9B33-A70ABE85DE2E}.Release|Any CPU.Build.0 = Release|Any CPU
		{5E73C5C1-80FE-4585-8997-6DFD07792B8E}.Debug|Any CPU.ActiveCfg = Debug|Any CPU
		{5E73C5C1-80FE-4585-8997-6DFD07792B8E}.Debug|Any CPU.Build.0 = Debug|Any CPU
		{5E73C5C1-80FE-4585-8997-6DFD07792B8E}.Release|Any CPU.ActiveCfg = Release|Any CPU
		{5E73C5C1-80FE-4585-8997-6DFD07792B8E}.Release|Any CPU.Build.0 = Release|Any CPU
		{6E8E5547-A73F-4F28-BD25-5FD71B592E47}.Debug|Any CPU.ActiveCfg = Debug|Any CPU
		{6E8E5547-A73F-4F28-BD25-5FD71B592E47}.Debug|Any CPU.Build.0 = Debug|Any CPU
		{6E8E5547-A73F-4F28-BD25-5FD71B592E47}.Release|Any CPU.ActiveCfg = Release|Any CPU
		{6E8E5547-A73F-4F28-BD25-5FD71B592E47}.Release|Any CPU.Build.0 = Release|Any CPU
		{9A924071-C51C-4772-BD0F-01D160C1B62C}.Debug|Any CPU.ActiveCfg = Debug|Any CPU
		{9A924071-C51C-4772-BD0F-01D160C1B62C}.Debug|Any CPU.Build.0 = Debug|Any CPU
		{9A924071-C51C-4772-BD0F-01D160C1B62C}.Release|Any CPU.ActiveCfg = Release|Any CPU
		{9A924071-C51C-4772-BD0F-01D160C1B62C}.Release|Any CPU.Build.0 = Release|Any CPU
		{35C29A30-5600-45EE-A83F-C8C7E7011D77}.Debug|Any CPU.ActiveCfg = Debug|Any CPU
		{35C29A30-5600-45EE-A83F-C8C7E7011D77}.Debug|Any CPU.Build.0 = Debug|Any CPU
		{35C29A30-5600-45EE-A83F-C8C7E7011D77}.Release|Any CPU.ActiveCfg = Release|Any CPU
		{35C29A30-5600-45EE-A83F-C8C7E7011D77}.Release|Any CPU.Build.0 = Release|Any CPU
		{FECAB636-207B-408B-9157-C8BC36FD2B12}.Debug|Any CPU.ActiveCfg = Debug|Any CPU
		{FECAB636-207B-408B-9157-C8BC36FD2B12}.Debug|Any CPU.Build.0 = Debug|Any CPU
		{FECAB636-207B-408B-9157-C8BC36FD2B12}.Release|Any CPU.ActiveCfg = Release|Any CPU
		{FECAB636-207B-408B-9157-C8BC36FD2B12}.Release|Any CPU.Build.0 = Release|Any CPU
		{0E4909F9-A387-4211-9CC0-82E4E74D6493}.Debug|Any CPU.ActiveCfg = Debug|Any CPU
		{0E4909F9-A387-4211-9CC0-82E4E74D6493}.Debug|Any CPU.Build.0 = Debug|Any CPU
		{0E4909F9-A387-4211-9CC0-82E4E74D6493}.Release|Any CPU.ActiveCfg = Release|Any CPU
		{0E4909F9-A387-4211-9CC0-82E4E74D6493}.Release|Any CPU.Build.0 = Release|Any CPU
	EndGlobalSection
	GlobalSection(SolutionProperties) = preSolution
		HideSolutionNode = FALSE
	EndGlobalSection
	GlobalSection(NestedProjects) = preSolution
		{45736910-965F-4595-A755-772EFAC20D29} = {6BAC4826-3CC9-4B65-B4B5-8C7419F79159}
		{4F26AA4C-EFE4-4FCA-8D91-FEED58AD38BD} = {45736910-965F-4595-A755-772EFAC20D29}
		{B12B7F3F-0B76-440F-8F23-1B11B4CDC8A8} = {2C08FC83-5031-4856-8C9D-C5FDC8F821B6}
		{7ACDECFE-0010-4028-A3F6-EA10896758A3} = {6BAC4826-3CC9-4B65-B4B5-8C7419F79159}
		{28315E78-BBB8-4F8A-9B33-A70ABE85DE2E} = {7ACDECFE-0010-4028-A3F6-EA10896758A3}
		{407F7F0A-A609-4D24-B20F-BE87E309CC7C} = {6BAC4826-3CC9-4B65-B4B5-8C7419F79159}
		{6E8E5547-A73F-4F28-BD25-5FD71B592E47} = {407F7F0A-A609-4D24-B20F-BE87E309CC7C}
		{94D7D4C8-B219-462B-85B0-811759761CBA} = {6BAC4826-3CC9-4B65-B4B5-8C7419F79159}
		{9A924071-C51C-4772-BD0F-01D160C1B62C} = {94D7D4C8-B219-462B-85B0-811759761CBA}
		{35C29A30-5600-45EE-A83F-C8C7E7011D77} = {94D7D4C8-B219-462B-85B0-811759761CBA}
		{FECAB636-207B-408B-9157-C8BC36FD2B12} = {94D7D4C8-B219-462B-85B0-811759761CBA}
		{0E4909F9-A387-4211-9CC0-82E4E74D6493} = {94D7D4C8-B219-462B-85B0-811759761CBA}
	EndGlobalSection
	GlobalSection(ExtensibilityGlobals) = postSolution
		SolutionGuid = {03CFA87B-6484-4340-A44B-FB05D24B8A83}
	EndGlobalSection
EndGlobal
